
Microsoft Visual Studio Solution File, Format Version 12.00
Project("{FAE04EC0-301F-11D3-BF4B-00C04F79EFBC}") = "login2token", "login2token\login2token.csproj", "{D5FD38C8-0E65-47D7-BFF3-6A4AFA9E9E67}"
EndProject
Project("{FAE04EC0-301F-11D3-BF4B-00C04F79EFBC}") = "ip2geo", "ip2geo\ip2geo.csproj", "{5510461C-1EAF-44CE-AF76-2E133101D43D}"
EndProject
Global
	GlobalSection(SolutionConfigurationPlatforms) = preSolution
		Debug|Any CPU = Debug|Any CPU
		Release|Any CPU = Release|Any CPU
	EndGlobalSection
	GlobalSection(ProjectConfigurationPlatforms) = postSolution
		{D5FD38C8-0E65-47D7-BFF3-6A4AFA9E9E67}.Debug|Any CPU.ActiveCfg = Debug|Any CPU
		{D5FD38C8-0E65-47D7-BFF3-6A4AFA9E9E67}.Debug|Any CPU.Build.0 = Debug|Any CPU
		{D5FD38C8-0E65-47D7-BFF3-6A4AFA9E9E67}.Release|Any CPU.ActiveCfg = Release|Any CPU
		{D5FD38C8-0E65-47D7-BFF3-6A4AFA9E9E67}.Release|Any CPU.Build.0 = Release|Any CPU
		{5510461C-1EAF-44CE-AF76-2E133101D43D}.Debug|Any CPU.ActiveCfg = Debug|Any CPU
		{5510461C-1EAF-44CE-AF76-2E133101D43D}.Debug|Any CPU.Build.0 = Debug|Any CPU
		{5510461C-1EAF-44CE-AF76-2E133101D43D}.Release|Any CPU.ActiveCfg = Release|Any CPU
		{5510461C-1EAF-44CE-AF76-2E133101D43D}.Release|Any CPU.Build.0 = Release|Any CPU
	EndGlobalSection
EndGlobal
